// !$*UTF8*$!
{
	archiveVersion = 1;
	classes = {
	};
	objectVersion = 46;
	objects = {

/* Begin PBXBuildFile section */
		6C3B751B144873CC007125BA /* main.cpp in Sources */ = {isa = PBXBuildFile; fileRef = 6C3B751A144873CC007125BA /* main.cpp */; };
		6C3B751D144873CC007125BA /* T3Test.1 in CopyFiles */ = {isa = PBXBuildFile; fileRef = 6C3B751C144873CC007125BA /* T3Test.1 */; };
		6C3B7521144873D2007125BA /* T3nsors.dylib in Frameworks */ = {isa = PBXBuildFile; fileRef = 6C3B75031448737B007125BA /* T3nsors.dylib */; };
		6C3B7522144873E0007125BA /* T3nsors.h in Headers */ = {isa = PBXBuildFile; fileRef = 6C3B750A1448737B007125BA /* T3nsors.h */; settings = {ATTRIBUTES = (Public, ); }; };
		6C3B75241448750B007125BA /* Array.h in Headers */ = {isa = PBXBuildFile; fileRef = 6C3B75231448750B007125BA /* Array.h */; settings = {ATTRIBUTES = (Public, ); }; };
		6C3B752A144882C4007125BA /* Field.h in Headers */ = {isa = PBXBuildFile; fileRef = 6C3B7529144882C4007125BA /* Field.h */; settings = {ATTRIBUTES = (Public, ); }; };
		6C3B752C144882FD007125BA /* Tuple.h in Headers */ = {isa = PBXBuildFile; fileRef = 6C3B752B144882FD007125BA /* Tuple.h */; settings = {ATTRIBUTES = (Public, ); }; };
		6C3B752E14488304007125BA /* Tuple.cpp in Sources */ = {isa = PBXBuildFile; fileRef = 6C3B752D14488304007125BA /* Tuple.cpp */; };
		6C3B75351449CC9F007125BA /* Field.cpp in Sources */ = {isa = PBXBuildFile; fileRef = 6C3B7527144882BF007125BA /* Field.cpp */; };
		6C40DD8A144CB74C00529720 /* Axisymmetric.h in Headers */ = {isa = PBXBuildFile; fileRef = 6C40DD89144CB74C00529720 /* Axisymmetric.h */; settings = {ATTRIBUTES = (Public, ); }; };
		6C40DD8C144CB75200529720 /* Axisymmetric.cpp in Sources */ = {isa = PBXBuildFile; fileRef = 6C40DD8B144CB75200529720 /* Axisymmetric.cpp */; };
		6C40DD8E144CE9C800529720 /* Set.h in Headers */ = {isa = PBXBuildFile; fileRef = 6C40DD8D144CE9C800529720 /* Set.h */; settings = {ATTRIBUTES = (Public, ); }; };
		6C40DD90144CE9CE00529720 /* Set.cpp in Sources */ = {isa = PBXBuildFile; fileRef = 6C40DD8F144CE9CE00529720 /* Set.cpp */; };
		6C40DD92144CEAA200529720 /* Stream.h in Headers */ = {isa = PBXBuildFile; fileRef = 6C40DD91144CEAA200529720 /* Stream.h */; settings = {ATTRIBUTES = (Public, ); }; };
		6C40DD94144CEAA800529720 /* Stream.cpp in Sources */ = {isa = PBXBuildFile; fileRef = 6C40DD93144CEAA800529720 /* Stream.cpp */; };
		6C40DD96144CF01600529720 /* System.h in Headers */ = {isa = PBXBuildFile; fileRef = 6C40DD95144CF01600529720 /* System.h */; settings = {ATTRIBUTES = (Public, ); }; };
		6C40DD98144CF01B00529720 /* System.cpp in Sources */ = {isa = PBXBuildFile; fileRef = 6C40DD97144CF01B00529720 /* System.cpp */; };
		6C40DDA1144CF72800529720 /* main.cpp in Sources */ = {isa = PBXBuildFile; fileRef = 6C40DDA0144CF72800529720 /* main.cpp */; };
		6C40DDA3144CF72800529720 /* WaveTest.1 in CopyFiles */ = {isa = PBXBuildFile; fileRef = 6C40DDA2144CF72800529720 /* WaveTest.1 */; };
		6C40DDA9144CF73C00529720 /* T3nsors.dylib in Frameworks */ = {isa = PBXBuildFile; fileRef = 6C3B75031448737B007125BA /* T3nsors.dylib */; };
		6CA95855144C842900E50B34 /* Partial.h in Headers */ = {isa = PBXBuildFile; fileRef = 6CA95854144C842900E50B34 /* Partial.h */; settings = {ATTRIBUTES = (Public, ); }; };
		6CA95857144C843600E50B34 /* Object.h in Headers */ = {isa = PBXBuildFile; fileRef = 6CA95856144C843600E50B34 /* Object.h */; settings = {ATTRIBUTES = (Public, ); }; };
		6CA95859144C855B00E50B34 /* Partial.cpp in Sources */ = {isa = PBXBuildFile; fileRef = 6CA95858144C855B00E50B34 /* Partial.cpp */; };
		6CA9585B144C989F00E50B34 /* Connection.h in Headers */ = {isa = PBXBuildFile; fileRef = 6CA9585A144C989F00E50B34 /* Connection.h */; settings = {ATTRIBUTES = (Public, ); }; };
		6CA9585D144C991A00E50B34 /* Tensor.h in Headers */ = {isa = PBXBuildFile; fileRef = 6CA9585C144C991900E50B34 /* Tensor.h */; settings = {ATTRIBUTES = (Public, ); }; };
		6CA9585F144C992000E50B34 /* Tensor.cpp in Sources */ = {isa = PBXBuildFile; fileRef = 6CA9585E144C992000E50B34 /* Tensor.cpp */; };
		6CA95861144CA6CC00E50B34 /* Cartesian.h in Headers */ = {isa = PBXBuildFile; fileRef = 6CA95860144CA6CC00E50B34 /* Cartesian.h */; settings = {ATTRIBUTES = (Public, ); }; };
		6CA95863144CA75800E50B34 /* Cartesian.cpp in Sources */ = {isa = PBXBuildFile; fileRef = 6CA95862144CA75800E50B34 /* Cartesian.cpp */; };
		6CA95865144CA94E00E50B34 /* Scalar.h in Headers */ = {isa = PBXBuildFile; fileRef = 6CA95864144CA94E00E50B34 /* Scalar.h */; settings = {ATTRIBUTES = (Public, ); }; };
		6CA95867144CA95300E50B34 /* Scalar.cpp in Sources */ = {isa = PBXBuildFile; fileRef = 6CA95866144CA95300E50B34 /* Scalar.cpp */; };
		6CA95869144CAA9600E50B34 /* Vector.h in Headers */ = {isa = PBXBuildFile; fileRef = 6CA95868144CAA9600E50B34 /* Vector.h */; settings = {ATTRIBUTES = (Public, ); }; };
		6CA9586B144CAA9B00E50B34 /* Vector.cpp in Sources */ = {isa = PBXBuildFile; fileRef = 6CA9586A144CAA9B00E50B34 /* Vector.cpp */; };
		6CE38D85144DE3C300FB2EC1 /* libhdf5_cpp.dylib in Frameworks */ = {isa = PBXBuildFile; fileRef = 6CE38D84144DE3C300FB2EC1 /* libhdf5_cpp.dylib */; };
		6CE38D88144DE3DD00FB2EC1 /* libhdf5.dylib in Frameworks */ = {isa = PBXBuildFile; fileRef = 6CE38D87144DE3DD00FB2EC1 /* libhdf5.dylib */; };
		6CE38D8A144DE42900FB2EC1 /* libhdf5_hl.dylib in Frameworks */ = {isa = PBXBuildFile; fileRef = 6CE38D89144DE42900FB2EC1 /* libhdf5_hl.dylib */; };
/* End PBXBuildFile section */

/* Begin PBXContainerItemProxy section */
		6C3B752F1448AD09007125BA /* PBXContainerItemProxy */ = {
			isa = PBXContainerItemProxy;
			containerPortal = 6C3B74FA1448737A007125BA /* Project object */;
			proxyType = 1;
			remoteGlobalIDString = 6C3B75021448737B007125BA;
			remoteInfo = T3nsors;
		};
		6C40DDA7144CF72D00529720 /* PBXContainerItemProxy */ = {
			isa = PBXContainerItemProxy;
			containerPortal = 6C3B74FA1448737A007125BA /* Project object */;
			proxyType = 1;
			remoteGlobalIDString = 6C3B75021448737B007125BA;
			remoteInfo = T3nsors;
		};
/* End PBXContainerItemProxy section */

/* Begin PBXCopyFilesBuildPhase section */
		6C3B7515144873CC007125BA /* CopyFiles */ = {
			isa = PBXCopyFilesBuildPhase;
			buildActionMask = 2147483647;
			dstPath = /usr/share/man/man1/;
			dstSubfolderSpec = 0;
			files = (
				6C3B751D144873CC007125BA /* T3Test.1 in CopyFiles */,
			);
			runOnlyForDeploymentPostprocessing = 1;
		};
		6C40DD9B144CF72800529720 /* CopyFiles */ = {
			isa = PBXCopyFilesBuildPhase;
			buildActionMask = 2147483647;
			dstPath = /usr/share/man/man1/;
			dstSubfolderSpec = 0;
			files = (
				6C40DDA3144CF72800529720 /* WaveTest.1 in CopyFiles */,
			);
			runOnlyForDeploymentPostprocessing = 1;
		};
/* End PBXCopyFilesBuildPhase section */

/* Begin PBXFileReference section */
		6C3B75031448737B007125BA /* T3nsors.dylib */ = {isa = PBXFileReference; explicitFileType = "compiled.mach-o.dylib"; includeInIndex = 0; path = T3nsors.dylib; sourceTree = BUILT_PRODUCTS_DIR; };
		6C3B75071448737B007125BA /* T3nsors-Prefix.pch */ = {isa = PBXFileReference; lastKnownFileType = sourcecode.c.h; path = "T3nsors-Prefix.pch"; sourceTree = "<group>"; };
		6C3B75081448737B007125BA /* T3nsorsProj.xcconfig */ = {isa = PBXFileReference; lastKnownFileType = text.xcconfig; path = T3nsorsProj.xcconfig; sourceTree = "<group>"; };
		6C3B75091448737B007125BA /* T3nsorsTarget.xcconfig */ = {isa = PBXFileReference; lastKnownFileType = text.xcconfig; path = T3nsorsTarget.xcconfig; sourceTree = "<group>"; };
		6C3B750A1448737B007125BA /* T3nsors.h */ = {isa = PBXFileReference; lastKnownFileType = sourcecode.c.h; path = T3nsors.h; sourceTree = "<group>"; };
		6C3B7517144873CC007125BA /* T3Test */ = {isa = PBXFileReference; explicitFileType = "compiled.mach-o.executable"; includeInIndex = 0; path = T3Test; sourceTree = BUILT_PRODUCTS_DIR; };
		6C3B751A144873CC007125BA /* main.cpp */ = {isa = PBXFileReference; lastKnownFileType = sourcecode.cpp.cpp; path = main.cpp; sourceTree = "<group>"; };
		6C3B751C144873CC007125BA /* T3Test.1 */ = {isa = PBXFileReference; lastKnownFileType = text.man; path = T3Test.1; sourceTree = "<group>"; };
		6C3B75231448750B007125BA /* Array.h */ = {isa = PBXFileReference; fileEncoding = 4; lastKnownFileType = sourcecode.c.h; lineEnding = 0; path = Array.h; sourceTree = "<group>"; xcLanguageSpecificationIdentifier = xcode.lang.objcpp; };
		6C3B7527144882BF007125BA /* Field.cpp */ = {isa = PBXFileReference; fileEncoding = 4; lastKnownFileType = sourcecode.cpp.cpp; lineEnding = 0; path = Field.cpp; sourceTree = "<group>"; xcLanguageSpecificationIdentifier = xcode.lang.cpp; };
		6C3B7529144882C4007125BA /* Field.h */ = {isa = PBXFileReference; fileEncoding = 4; lastKnownFileType = sourcecode.c.h; lineEnding = 0; path = Field.h; sourceTree = "<group>"; xcLanguageSpecificationIdentifier = xcode.lang.objcpp; };
		6C3B752B144882FD007125BA /* Tuple.h */ = {isa = PBXFileReference; fileEncoding = 4; lastKnownFileType = sourcecode.c.h; path = Tuple.h; sourceTree = "<group>"; };
		6C3B752D14488304007125BA /* Tuple.cpp */ = {isa = PBXFileReference; fileEncoding = 4; lastKnownFileType = sourcecode.cpp.cpp; lineEnding = 0; path = Tuple.cpp; sourceTree = "<group>"; xcLanguageSpecificationIdentifier = xcode.lang.cpp; };
		6C40DD89144CB74C00529720 /* Axisymmetric.h */ = {isa = PBXFileReference; fileEncoding = 4; lastKnownFileType = sourcecode.c.h; path = Axisymmetric.h; sourceTree = "<group>"; };
		6C40DD8B144CB75200529720 /* Axisymmetric.cpp */ = {isa = PBXFileReference; fileEncoding = 4; lastKnownFileType = sourcecode.cpp.cpp; path = Axisymmetric.cpp; sourceTree = "<group>"; };
		6C40DD8D144CE9C800529720 /* Set.h */ = {isa = PBXFileReference; fileEncoding = 4; lastKnownFileType = sourcecode.c.h; path = Set.h; sourceTree = "<group>"; };
		6C40DD8F144CE9CE00529720 /* Set.cpp */ = {isa = PBXFileReference; fileEncoding = 4; lastKnownFileType = sourcecode.cpp.cpp; path = Set.cpp; sourceTree = "<group>"; };
		6C40DD91144CEAA200529720 /* Stream.h */ = {isa = PBXFileReference; fileEncoding = 4; lastKnownFileType = sourcecode.c.h; path = Stream.h; sourceTree = "<group>"; };
		6C40DD93144CEAA800529720 /* Stream.cpp */ = {isa = PBXFileReference; fileEncoding = 4; lastKnownFileType = sourcecode.cpp.cpp; path = Stream.cpp; sourceTree = "<group>"; };
		6C40DD95144CF01600529720 /* System.h */ = {isa = PBXFileReference; fileEncoding = 4; lastKnownFileType = sourcecode.c.h; path = System.h; sourceTree = "<group>"; };
		6C40DD97144CF01B00529720 /* System.cpp */ = {isa = PBXFileReference; fileEncoding = 4; lastKnownFileType = sourcecode.cpp.cpp; path = System.cpp; sourceTree = "<group>"; };
		6C40DD9D144CF72800529720 /* WaveTest */ = {isa = PBXFileReference; explicitFileType = "compiled.mach-o.executable"; includeInIndex = 0; path = WaveTest; sourceTree = BUILT_PRODUCTS_DIR; };
		6C40DDA0144CF72800529720 /* main.cpp */ = {isa = PBXFileReference; lastKnownFileType = sourcecode.cpp.cpp; path = main.cpp; sourceTree = "<group>"; };
		6C40DDA2144CF72800529720 /* WaveTest.1 */ = {isa = PBXFileReference; lastKnownFileType = text.man; path = WaveTest.1; sourceTree = "<group>"; };
		6CA95854144C842900E50B34 /* Partial.h */ = {isa = PBXFileReference; fileEncoding = 4; lastKnownFileType = sourcecode.c.h; path = Partial.h; sourceTree = "<group>"; };
		6CA95856144C843600E50B34 /* Object.h */ = {isa = PBXFileReference; fileEncoding = 4; lastKnownFileType = sourcecode.c.h; lineEnding = 0; path = Object.h; sourceTree = "<group>"; xcLanguageSpecificationIdentifier = xcode.lang.objcpp; };
		6CA95858144C855B00E50B34 /* Partial.cpp */ = {isa = PBXFileReference; fileEncoding = 4; lastKnownFileType = sourcecode.cpp.cpp; path = Partial.cpp; sourceTree = "<group>"; };
		6CA9585A144C989F00E50B34 /* Connection.h */ = {isa = PBXFileReference; fileEncoding = 4; lastKnownFileType = sourcecode.c.h; path = Connection.h; sourceTree = "<group>"; };
		6CA9585C144C991900E50B34 /* Tensor.h */ = {isa = PBXFileReference; fileEncoding = 4; lastKnownFileType = sourcecode.c.h; path = Tensor.h; sourceTree = "<group>"; };
		6CA9585E144C992000E50B34 /* Tensor.cpp */ = {isa = PBXFileReference; fileEncoding = 4; lastKnownFileType = sourcecode.cpp.cpp; path = Tensor.cpp; sourceTree = "<group>"; };
		6CA95860144CA6CC00E50B34 /* Cartesian.h */ = {isa = PBXFileReference; fileEncoding = 4; lastKnownFileType = sourcecode.c.h; path = Cartesian.h; sourceTree = "<group>"; };
		6CA95862144CA75800E50B34 /* Cartesian.cpp */ = {isa = PBXFileReference; fileEncoding = 4; lastKnownFileType = sourcecode.cpp.cpp; path = Cartesian.cpp; sourceTree = "<group>"; };
		6CA95864144CA94E00E50B34 /* Scalar.h */ = {isa = PBXFileReference; fileEncoding = 4; lastKnownFileType = sourcecode.c.h; path = Scalar.h; sourceTree = "<group>"; };
		6CA95866144CA95300E50B34 /* Scalar.cpp */ = {isa = PBXFileReference; fileEncoding = 4; lastKnownFileType = sourcecode.cpp.cpp; path = Scalar.cpp; sourceTree = "<group>"; };
		6CA95868144CAA9600E50B34 /* Vector.h */ = {isa = PBXFileReference; fileEncoding = 4; lastKnownFileType = sourcecode.c.h; path = Vector.h; sourceTree = "<group>"; };
		6CA9586A144CAA9B00E50B34 /* Vector.cpp */ = {isa = PBXFileReference; fileEncoding = 4; lastKnownFileType = sourcecode.cpp.cpp; path = Vector.cpp; sourceTree = "<group>"; };
		6CE38D84144DE3C300FB2EC1 /* libhdf5_cpp.dylib */ = {isa = PBXFileReference; lastKnownFileType = "compiled.mach-o.dylib"; name = libhdf5_cpp.dylib; path = usr/local/lib/libhdf5_cpp.dylib; sourceTree = SDKROOT; };
		6CE38D87144DE3DD00FB2EC1 /* libhdf5.dylib */ = {isa = PBXFileReference; lastKnownFileType = "compiled.mach-o.dylib"; name = libhdf5.dylib; path = usr/local/lib/libhdf5.dylib; sourceTree = SDKROOT; };
		6CE38D89144DE42900FB2EC1 /* libhdf5_hl.dylib */ = {isa = PBXFileReference; lastKnownFileType = "compiled.mach-o.dylib"; name = libhdf5_hl.dylib; path = usr/local/lib/libhdf5_hl.dylib; sourceTree = SDKROOT; };
/* End PBXFileReference section */

/* Begin PBXFrameworksBuildPhase section */
		6C3B75001448737B007125BA /* Frameworks */ = {
			isa = PBXFrameworksBuildPhase;
			buildActionMask = 2147483647;
			files = (
				6CE38D8A144DE42900FB2EC1 /* libhdf5_hl.dylib in Frameworks */,
				6CE38D88144DE3DD00FB2EC1 /* libhdf5.dylib in Frameworks */,
				6CE38D85144DE3C300FB2EC1 /* libhdf5_cpp.dylib in Frameworks */,
			);
			runOnlyForDeploymentPostprocessing = 0;
		};
		6C3B7514144873CC007125BA /* Frameworks */ = {
			isa = PBXFrameworksBuildPhase;
			buildActionMask = 2147483647;
			files = (
				6C3B7521144873D2007125BA /* T3nsors.dylib in Frameworks */,
			);
			runOnlyForDeploymentPostprocessing = 0;
		};
		6C40DD9A144CF72800529720 /* Frameworks */ = {
			isa = PBXFrameworksBuildPhase;
			buildActionMask = 2147483647;
			files = (
				6C40DDA9144CF73C00529720 /* T3nsors.dylib in Frameworks */,
			);
			runOnlyForDeploymentPostprocessing = 0;
		};
/* End PBXFrameworksBuildPhase section */

/* Begin PBXGroup section */
		6C3B74F81448737A007125BA = {
			isa = PBXGroup;
			children = (
				6CE38D89144DE42900FB2EC1 /* libhdf5_hl.dylib */,
				6CE38D87144DE3DD00FB2EC1 /* libhdf5.dylib */,
				6CE38D84144DE3C300FB2EC1 /* libhdf5_cpp.dylib */,
				6C3B75051448737B007125BA /* T3nsors */,
				6C3B7519144873CC007125BA /* T3Test */,
				6C40DD9F144CF72800529720 /* WaveTest */,
				6C3B75041448737B007125BA /* Products */,
			);
			sourceTree = "<group>";
		};
		6C3B75041448737B007125BA /* Products */ = {
			isa = PBXGroup;
			children = (
				6C3B75031448737B007125BA /* T3nsors.dylib */,
				6C3B7517144873CC007125BA /* T3Test */,
				6C40DD9D144CF72800529720 /* WaveTest */,
			);
			name = Products;
			sourceTree = "<group>";
		};
		6C3B75051448737B007125BA /* T3nsors */ = {
			isa = PBXGroup;
			children = (
				6C3B75081448737B007125BA /* T3nsorsProj.xcconfig */,
				6C3B75091448737B007125BA /* T3nsorsTarget.xcconfig */,
				6C3B750A1448737B007125BA /* T3nsors.h */,
				6CA95856144C843600E50B34 /* Object.h */,
				6C3B75231448750B007125BA /* Array.h */,
				6C3B752B144882FD007125BA /* Tuple.h */,
				6C3B752D14488304007125BA /* Tuple.cpp */,
				6C3B7529144882C4007125BA /* Field.h */,
				6C3B7527144882BF007125BA /* Field.cpp */,
				6CA9585C144C991900E50B34 /* Tensor.h */,
				6CA9585E144C992000E50B34 /* Tensor.cpp */,
				6CA95864144CA94E00E50B34 /* Scalar.h */,
				6CA95866144CA95300E50B34 /* Scalar.cpp */,
				6CA95868144CAA9600E50B34 /* Vector.h */,
				6CA9586A144CAA9B00E50B34 /* Vector.cpp */,
				6CA95854144C842900E50B34 /* Partial.h */,
				6CA95858144C855B00E50B34 /* Partial.cpp */,
				6CA9585A144C989F00E50B34 /* Connection.h */,
				6CA95860144CA6CC00E50B34 /* Cartesian.h */,
				6CA95862144CA75800E50B34 /* Cartesian.cpp */,
				6C40DD89144CB74C00529720 /* Axisymmetric.h */,
				6C40DD8B144CB75200529720 /* Axisymmetric.cpp */,
				6C40DD8D144CE9C800529720 /* Set.h */,
				6C40DD8F144CE9CE00529720 /* Set.cpp */,
				6C40DD91144CEAA200529720 /* Stream.h */,
				6C40DD93144CEAA800529720 /* Stream.cpp */,
				6C40DD95144CF01600529720 /* System.h */,
				6C40DD97144CF01B00529720 /* System.cpp */,
				6C3B75061448737B007125BA /* Supporting Files */,
			);
			path = T3nsors;
			sourceTree = "<group>";
		};
		6C3B75061448737B007125BA /* Supporting Files */ = {
			isa = PBXGroup;
			children = (
				6C3B75071448737B007125BA /* T3nsors-Prefix.pch */,
			);
			name = "Supporting Files";
			sourceTree = "<group>";
		};
		6C3B7519144873CC007125BA /* T3Test */ = {
			isa = PBXGroup;
			children = (
				6C3B751A144873CC007125BA /* main.cpp */,
				6C3B751C144873CC007125BA /* T3Test.1 */,
			);
			path = T3Test;
			sourceTree = "<group>";
		};
		6C40DD9F144CF72800529720 /* WaveTest */ = {
			isa = PBXGroup;
			children = (
				6C40DDA0144CF72800529720 /* main.cpp */,
				6C40DDA2144CF72800529720 /* WaveTest.1 */,
			);
			path = WaveTest;
			sourceTree = "<group>";
		};
/* End PBXGroup section */

/* Begin PBXHeadersBuildPhase section */
		6C3B75011448737B007125BA /* Headers */ = {
			isa = PBXHeadersBuildPhase;
			buildActionMask = 2147483647;
			files = (
				6C3B7522144873E0007125BA /* T3nsors.h in Headers */,
				6CA95857144C843600E50B34 /* Object.h in Headers */,
				6C3B75241448750B007125BA /* Array.h in Headers */,
				6C3B752C144882FD007125BA /* Tuple.h in Headers */,
				6C3B752A144882C4007125BA /* Field.h in Headers */,
				6CA9585D144C991A00E50B34 /* Tensor.h in Headers */,
				6CA95865144CA94E00E50B34 /* Scalar.h in Headers */,
				6CA95869144CAA9600E50B34 /* Vector.h in Headers */,
				6CA95855144C842900E50B34 /* Partial.h in Headers */,
				6CA9585B144C989F00E50B34 /* Connection.h in Headers */,
				6CA95861144CA6CC00E50B34 /* Cartesian.h in Headers */,
				6C40DD8A144CB74C00529720 /* Axisymmetric.h in Headers */,
				6C40DD8E144CE9C800529720 /* Set.h in Headers */,
				6C40DD92144CEAA200529720 /* Stream.h in Headers */,
				6C40DD96144CF01600529720 /* System.h in Headers */,
			);
			runOnlyForDeploymentPostprocessing = 0;
		};
/* End PBXHeadersBuildPhase section */

/* Begin PBXNativeTarget section */
		6C3B75021448737B007125BA /* T3nsors */ = {
			isa = PBXNativeTarget;
			buildConfigurationList = 6C3B75101448737B007125BA /* Build configuration list for PBXNativeTarget "T3nsors" */;
			buildPhases = (
				6C3B74FF1448737B007125BA /* Sources */,
				6C3B75001448737B007125BA /* Frameworks */,
				6C3B75011448737B007125BA /* Headers */,
			);
			buildRules = (
			);
			dependencies = (
			);
			name = T3nsors;
			productName = T3nsors;
			productReference = 6C3B75031448737B007125BA /* T3nsors.dylib */;
			productType = "com.apple.product-type.library.dynamic";
		};
		6C3B7516144873CC007125BA /* T3Test */ = {
			isa = PBXNativeTarget;
			buildConfigurationList = 6C3B751E144873CC007125BA /* Build configuration list for PBXNativeTarget "T3Test" */;
			buildPhases = (
				6C3B7513144873CC007125BA /* Sources */,
				6C3B7514144873CC007125BA /* Frameworks */,
				6C3B7515144873CC007125BA /* CopyFiles */,
			);
			buildRules = (
			);
			dependencies = (
				6C3B75301448AD09007125BA /* PBXTargetDependency */,
			);
			name = T3Test;
			productName = T3Test;
			productReference = 6C3B7517144873CC007125BA /* T3Test */;
			productType = "com.apple.product-type.tool";
		};
		6C40DD9C144CF72800529720 /* WaveTest */ = {
			isa = PBXNativeTarget;
			buildConfigurationList = 6C40DDA4144CF72800529720 /* Build configuration list for PBXNativeTarget "WaveTest" */;
			buildPhases = (
				6C40DD99144CF72800529720 /* Sources */,
				6C40DD9A144CF72800529720 /* Frameworks */,
				6C40DD9B144CF72800529720 /* CopyFiles */,
			);
			buildRules = (
			);
			dependencies = (
				6C40DDA8144CF72D00529720 /* PBXTargetDependency */,
			);
			name = WaveTest;
			productName = WaveTest;
			productReference = 6C40DD9D144CF72800529720 /* WaveTest */;
			productType = "com.apple.product-type.tool";
		};
/* End PBXNativeTarget section */

/* Begin PBXProject section */
		6C3B74FA1448737A007125BA /* Project object */ = {
			isa = PBXProject;
			attributes = {
				LastUpgradeCheck = 0420;
				ORGANIZATIONNAME = "University of Guelph";
			};
			buildConfigurationList = 6C3B74FD1448737A007125BA /* Build configuration list for PBXProject "T3nsors" */;
			compatibilityVersion = "Xcode 3.2";
			developmentRegion = English;
			hasScannedForEncodings = 0;
			knownRegions = (
				en,
			);
			mainGroup = 6C3B74F81448737A007125BA;
			productRefGroup = 6C3B75041448737B007125BA /* Products */;
			projectDirPath = "";
			projectRoot = "";
			targets = (
				6C3B75021448737B007125BA /* T3nsors */,
				6C3B7516144873CC007125BA /* T3Test */,
				6C40DD9C144CF72800529720 /* WaveTest */,
			);
		};
/* End PBXProject section */

/* Begin PBXSourcesBuildPhase section */
		6C3B74FF1448737B007125BA /* Sources */ = {
			isa = PBXSourcesBuildPhase;
			buildActionMask = 2147483647;
			files = (
				6C3B752E14488304007125BA /* Tuple.cpp in Sources */,
				6C3B75351449CC9F007125BA /* Field.cpp in Sources */,
				6CA9585F144C992000E50B34 /* Tensor.cpp in Sources */,
				6CA95867144CA95300E50B34 /* Scalar.cpp in Sources */,
				6CA9586B144CAA9B00E50B34 /* Vector.cpp in Sources */,
				6CA95859144C855B00E50B34 /* Partial.cpp in Sources */,
				6CA95863144CA75800E50B34 /* Cartesian.cpp in Sources */,
				6C40DD8C144CB75200529720 /* Axisymmetric.cpp in Sources */,
				6C40DD90144CE9CE00529720 /* Set.cpp in Sources */,
				6C40DD94144CEAA800529720 /* Stream.cpp in Sources */,
				6C40DD98144CF01B00529720 /* System.cpp in Sources */,
			);
			runOnlyForDeploymentPostprocessing = 0;
		};
		6C3B7513144873CC007125BA /* Sources */ = {
			isa = PBXSourcesBuildPhase;
			buildActionMask = 2147483647;
			files = (
				6C3B751B144873CC007125BA /* main.cpp in Sources */,
			);
			runOnlyForDeploymentPostprocessing = 0;
		};
		6C40DD99144CF72800529720 /* Sources */ = {
			isa = PBXSourcesBuildPhase;
			buildActionMask = 2147483647;
			files = (
				6C40DDA1144CF72800529720 /* main.cpp in Sources */,
			);
			runOnlyForDeploymentPostprocessing = 0;
		};
/* End PBXSourcesBuildPhase section */

/* Begin PBXTargetDependency section */
		6C3B75301448AD09007125BA /* PBXTargetDependency */ = {
			isa = PBXTargetDependency;
			target = 6C3B75021448737B007125BA /* T3nsors */;
			targetProxy = 6C3B752F1448AD09007125BA /* PBXContainerItemProxy */;
		};
		6C40DDA8144CF72D00529720 /* PBXTargetDependency */ = {
			isa = PBXTargetDependency;
			target = 6C3B75021448737B007125BA /* T3nsors */;
			targetProxy = 6C40DDA7144CF72D00529720 /* PBXContainerItemProxy */;
		};
/* End PBXTargetDependency section */

/* Begin XCBuildConfiguration section */
		6C3B750E1448737B007125BA /* Debug */ = {
			isa = XCBuildConfiguration;
			buildSettings = {
				ALWAYS_SEARCH_USER_PATHS = NO;
				ARCHS = "$(ARCHS_STANDARD_64_BIT)";
				CLANG_CXX_LIBRARY = "libc++";
				COPY_PHASE_STRIP = NO;
				GCC_C_LANGUAGE_STANDARD = gnu99;
				GCC_DYNAMIC_NO_PIC = NO;
				GCC_ENABLE_OBJC_EXCEPTIONS = YES;
				GCC_OPTIMIZATION_LEVEL = 0;
				GCC_PREPROCESSOR_DEFINITIONS = (
					"DEBUG=1",
					"$(inherited)",
				);
				GCC_SYMBOLS_PRIVATE_EXTERN = NO;
				GCC_VERSION = "";
				GCC_WARN_64_TO_32_BIT_CONVERSION = YES;
				GCC_WARN_ABOUT_MISSING_PROTOTYPES = YES;
				GCC_WARN_ABOUT_RETURN_TYPE = YES;
				GCC_WARN_UNUSED_VARIABLE = YES;
				MACOSX_DEPLOYMENT_TARGET = 10.7;
				ONLY_ACTIVE_ARCH = YES;
				SDKROOT = macosx;
			};
			name = Debug;
		};
		6C3B750F1448737B007125BA /* Release */ = {
			isa = XCBuildConfiguration;
			buildSettings = {
				ALWAYS_SEARCH_USER_PATHS = NO;
				ARCHS = "$(ARCHS_STANDARD_64_BIT)";
				CLANG_CXX_LIBRARY = "libc++";
				COPY_PHASE_STRIP = YES;
				DEBUG_INFORMATION_FORMAT = "dwarf-with-dsym";
				GCC_C_LANGUAGE_STANDARD = gnu99;
				GCC_ENABLE_OBJC_EXCEPTIONS = YES;
				GCC_VERSION = "";
				GCC_WARN_64_TO_32_BIT_CONVERSION = YES;
				GCC_WARN_ABOUT_MISSING_PROTOTYPES = YES;
				GCC_WARN_ABOUT_RETURN_TYPE = YES;
				GCC_WARN_UNUSED_VARIABLE = YES;
				MACOSX_DEPLOYMENT_TARGET = 10.7;
				SDKROOT = macosx;
			};
			name = Release;
		};
		6C3B75111448737B007125BA /* Debug */ = {
			isa = XCBuildConfiguration;
			buildSettings = {
				PRODUCT_NAME = "$(TARGET_NAME)";
			};
			name = Debug;
		};
		6C3B75121448737B007125BA /* Release */ = {
			isa = XCBuildConfiguration;
			buildSettings = {
				PRODUCT_NAME = "$(TARGET_NAME)";
			};
			name = Release;
		};
		6C3B751F144873CC007125BA /* Debug */ = {
			isa = XCBuildConfiguration;
			buildSettings = {
				PRODUCT_NAME = "$(TARGET_NAME)";
			};
			name = Debug;
		};
		6C3B7520144873CC007125BA /* Release */ = {
			isa = XCBuildConfiguration;
			buildSettings = {
				PRODUCT_NAME = "$(TARGET_NAME)";
			};
			name = Release;
		};
		6C40DDA5144CF72800529720 /* Debug */ = {
			isa = XCBuildConfiguration;
			buildSettings = {
				GCC_VERSION = com.apple.compilers.llvm.clang.1_0;
				PRODUCT_NAME = "$(TARGET_NAME)";
			};
			name = Debug;
		};
		6C40DDA6144CF72800529720 /* Release */ = {
			isa = XCBuildConfiguration;
			buildSettings = {
				GCC_VERSION = com.apple.compilers.llvm.clang.1_0;
				PRODUCT_NAME = "$(TARGET_NAME)";
			};
			name = Release;
		};
/* End XCBuildConfiguration section */

/* Begin XCConfigurationList section */
		6C3B74FD1448737A007125BA /* Build configuration list for PBXProject "T3nsors" */ = {
			isa = XCConfigurationList;
			buildConfigurations = (
				6C3B750E1448737B007125BA /* Debug */,
				6C3B750F1448737B007125BA /* Release */,
			);
			defaultConfigurationIsVisible = 0;
			defaultConfigurationName = Release;
		};
		6C3B75101448737B007125BA /* Build configuration list for PBXNativeTarget "T3nsors" */ = {
			isa = XCConfigurationList;
			buildConfigurations = (
				6C3B75111448737B007125BA /* Debug */,
				6C3B75121448737B007125BA /* Release */,
			);
			defaultConfigurationIsVisible = 0;
			defaultConfigurationName = Release;
		};
		6C3B751E144873CC007125BA /* Build configuration list for PBXNativeTarget "T3Test" */ = {
			isa = XCConfigurationList;
			buildConfigurations = (
				6C3B751F144873CC007125BA /* Debug */,
				6C3B7520144873CC007125BA /* Release */,
			);
			defaultConfigurationIsVisible = 0;
			defaultConfigurationName = Release;
		};
		6C40DDA4144CF72800529720 /* Build configuration list for PBXNativeTarget "WaveTest" */ = {
			isa = XCConfigurationList;
			buildConfigurations = (
				6C40DDA5144CF72800529720 /* Debug */,
				6C40DDA6144CF72800529720 /* Release */,
			);
			defaultConfigurationIsVisible = 0;
			defaultConfigurationName = Release;
		};
/* End XCConfigurationList section */
	};
	rootObject = 6C3B74FA1448737A007125BA /* Project object */;
}
